
Microsoft Visual Studio Solution File, Format Version 12.00
# Visual Studio Version 16
VisualStudioVersion = 16.0.30114.105
MinimumVisualStudioVersion = 10.0.40219.1
Project("{FAE04EC0-301F-11D3-BF4B-00C04F79EFBC}") = "SimpleCQRSApi", "SimpleCQRSApi\SimpleCQRSApi.csproj", "{4F751905-8B1B-4519-A6C2-AF0AB2A29AEB}"
EndProject
Global
	GlobalSection(SolutionProperties) = preSolution
		HideSolutionNode = FALSE
	EndGlobalSection
	GlobalSection(SolutionConfigurationPlatforms) = preSolution
		Debug|Any CPU = Debug|Any CPU
		Debug|x64 = Debug|x64
		Debug|x86 = Debug|x86
		Release|Any CPU = Release|Any CPU
		Release|x64 = Release|x64
		Release|x86 = Release|x86
	EndGlobalSection
	GlobalSection(ProjectConfigurationPlatforms) = postSolution
		{4F751905-8B1B-4519-A6C2-AF0AB2A29AEB}.Debug|Any CPU.ActiveCfg = Debug|Any CPU
		{4F751905-8B1B-4519-A6C2-AF0AB2A29AEB}.Debug|Any CPU.Build.0 = Debug|Any CPU
		{4F751905-8B1B-4519-A6C2-AF0AB2A29AEB}.Debug|x64.ActiveCfg = Debug|Any CPU
		{4F751905-8B1B-4519-A6C2-AF0AB2A29AEB}.Debug|x64.Build.0 = Debug|Any CPU
		{4F751905-8B1B-4519-A6C2-AF0AB2A29AEB}.Debug|x86.ActiveCfg = Debug|Any CPU
		{4F751905-8B1B-4519-A6C2-AF0AB2A29AEB}.Debug|x86.Build.0 = Debug|Any CPU
		{4F751905-8B1B-4519-A6C2-AF0AB2A29AEB}.Release|Any CPU.ActiveCfg = Release|Any CPU
		{4F751905-8B1B-4519-A6C2-AF0AB2A29AEB}.Release|Any CPU.Build.0 = Release|Any CPU
		{4F751905-8B1B-4519-A6C2-AF0AB2A29AEB}.Release|x64.ActiveCfg = Release|Any CPU
		{4F751905-8B1B-4519-A6C2-AF0AB2A29AEB}.Release|x64.Build.0 = Release|Any CPU
		{4F751905-8B1B-4519-A6C2-AF0AB2A29AEB}.Release|x86.ActiveCfg = Release|Any CPU
		{4F751905-8B1B-4519-A6C2-AF0AB2A29AEB}.Release|x86.Build.0 = Release|Any CPU
	EndGlobalSection
EndGlobal
